PODS:
  - core (1.0)
  - FirebaseAnalytics (10.6.0)
  - FirebaseAuth (10.6.0)
  - FirebaseCrashlytics (10.6.0)

DEPENDENCIES:
  - core (from `../core`)
  - FirebaseAnalytics (from `../ios-frameworks/FirebaseAnalytics`)
  - FirebaseAuth (from `../ios-frameworks/FirebaseAuth`)
  - FirebaseCrashlytics (from `../ios-frameworks/FirebaseCrashlytics`)

EXTERNAL SOURCES:
  core:
    :path: "../core"
  FirebaseAnalytics:
    :path: "../ios-frameworks/FirebaseAnalytics"
  FirebaseAuth:
    :path: "../ios-frameworks/FirebaseAuth"
  FirebaseCrashlytics:
    :path: "../ios-frameworks/FirebaseCrashlytics"

SPEC CHECKSUMS:
  core: 85bddb430fb62813da99aaef307bc0a8bdc85783
  FirebaseAnalytics: 416142ea6259799a9fe670fd6e707c15b62dd9fe
  FirebaseAuth: df1864fab4464c558db24d12e76205dd672323d0
  FirebaseCrashlytics: 10a6459ef0142255d8ccd42580b231aac0a67d60

PODFILE CHECKSUM: cc3b0056ad1fe02d1803627d3ac5be5aef217275

COCOAPODS: 1.11.3
